
Microsoft Visual Studio Solution File, Format Version 12.00
# Visual Studio Version 17
VisualStudioVersion = 17.9.34622.214
MinimumVisualStudioVersion = 10.0.40219.1
Project("{8BC9CEB8-8B4A-11D0-8D11-00A0C91BC942}") = "HelloWindow", "HelloWindow\HelloWindow.vcxproj", "{862EB067-D3EB-47C7-A793-939EE3EE22E0}"
EndProject
Project("{8BC9CEB8-8B4A-11D0-8D11-00A0C91BC942}") = "HelloTriangle", "HelloTriangle\HelloTriangle.vcxproj", "{794184F3-02D8-47CB-BA9B-80CD13733082}"
EndProject
Project("{8BC9CEB8-8B4A-11D0-8D11-00A0C91BC942}") = "HelloTwoTriangles", "HelloTwoTriangles\HelloTwoTriangles.vcxproj", "{1FC7AA5F-3A5C-4262-BBF2-5E63A8A1B657}"
EndProject
Project("{8BC9CEB8-8B4A-11D0-8D11-00A0C91BC942}") = "HelloTwoTrianglesTwoVAOsVBOs", "HelloTwoTrianglesTwoVAOsVBOs\HelloTwoTrianglesTwoVAOsVBOs.vcxproj", "{3CB84641-AF66-49DB-B93A-3B65DB8E2998}"
EndProject
Project("{8BC9CEB8-8B4A-11D0-8D11-00A0C91BC942}") = "HelloTwoTrianglesTwoFragShaders", "HelloTwoTrianglesTwoFragShaders\HelloTwoTrianglesTwoFragShaders.vcxproj", "{4D560F54-6725-41A1-A50F-96C43C84D013}"
EndProject
Project("{8BC9CEB8-8B4A-11D0-8D11-00A0C91BC942}") = "HelloSquare", "HelloSquare\HelloSquare.vcxproj", "{EEEF9241-0562-443E-A22C-B53DA2DA50E8}"
EndProject
Project("{8BC9CEB8-8B4A-11D0-8D11-00A0C91BC942}") = "HelloTriangleRed", "HelloTriangleRed\HelloTriangleRed.vcxproj", "{8EE9B056-4A4D-468E-BF7B-FAC07EA2417E}"
EndProject
Project("{8BC9CEB8-8B4A-11D0-8D11-00A0C91BC942}") = "HelloTriangleBlackGreen", "HelloTriangleBlackGreen\HelloTriangleBlackGreen.vcxproj", "{D359EA6E-B878-465E-A5BA-75E315D3406C}"
EndProject
Project("{8BC9CEB8-8B4A-11D0-8D11-00A0C91BC942}") = "HelloTriangleColor", "HelloTriangleColor\HelloTriangleColor.vcxproj", "{9B11EE83-80E0-40C7-9528-7630D91BA893}"
EndProject
Project("{8BC9CEB8-8B4A-11D0-8D11-00A0C91BC942}") = "HelloTriangleShaders", "HelloTriangleShaders\HelloTriangleShaders.vcxproj", "{D0E33DCE-B616-4A59-8241-B0B029E67C0F}"
EndProject
Project("{8BC9CEB8-8B4A-11D0-8D11-00A0C91BC942}") = "HelloTriangleShadersUpsideDown", "HelloTriangleShadersUpsideDown\HelloTriangleShadersUpsideDown.vcxproj", "{C63A1242-66DA-463A-9B78-11C5D97982BE}"
EndProject
Project("{8BC9CEB8-8B4A-11D0-8D11-00A0C91BC942}") = "HelloTriangleShadersUniform", "HelloTriangleShadersUniform\HelloTriangleShadersUniform.vcxproj", "{3C74A2AA-960B-4DDB-89C8-15C4518CA9B9}"
EndProject
Project("{8BC9CEB8-8B4A-11D0-8D11-00A0C91BC942}") = "HelloTriangleShadersColorPosition", "HelloTriangleShadersColorPosition\HelloTriangleShadersColorPosition.vcxproj", "{33BA922B-7CE8-4D9E-AA18-20F18601BF58}"
EndProject
Global
	GlobalSection(SolutionConfigurationPlatforms) = preSolution
		Debug|x64 = Debug|x64
		Debug|x86 = Debug|x86
		Release|x64 = Release|x64
		Release|x86 = Release|x86
	EndGlobalSection
	GlobalSection(ProjectConfigurationPlatforms) = postSolution
		{862EB067-D3EB-47C7-A793-939EE3EE22E0}.Debug|x64.ActiveCfg = Debug|x64
		{862EB067-D3EB-47C7-A793-939EE3EE22E0}.Debug|x64.Build.0 = Debug|x64
		{862EB067-D3EB-47C7-A793-939EE3EE22E0}.Debug|x86.ActiveCfg = Debug|Win32
		{862EB067-D3EB-47C7-A793-939EE3EE22E0}.Debug|x86.Build.0 = Debug|Win32
		{862EB067-D3EB-47C7-A793-939EE3EE22E0}.Release|x64.ActiveCfg = Release|x64
		{862EB067-D3EB-47C7-A793-939EE3EE22E0}.Release|x64.Build.0 = Release|x64
		{862EB067-D3EB-47C7-A793-939EE3EE22E0}.Release|x86.ActiveCfg = Release|Win32
		{862EB067-D3EB-47C7-A793-939EE3EE22E0}.Release|x86.Build.0 = Release|Win32
		{794184F3-02D8-47CB-BA9B-80CD13733082}.Debug|x64.ActiveCfg = Debug|x64
		{794184F3-02D8-47CB-BA9B-80CD13733082}.Debug|x64.Build.0 = Debug|x64
		{794184F3-02D8-47CB-BA9B-80CD13733082}.Debug|x86.ActiveCfg = Debug|Win32
		{794184F3-02D8-47CB-BA9B-80CD13733082}.Debug|x86.Build.0 = Debug|Win32
		{794184F3-02D8-47CB-BA9B-80CD13733082}.Release|x64.ActiveCfg = Release|x64
		{794184F3-02D8-47CB-BA9B-80CD13733082}.Release|x64.Build.0 = Release|x64
		{794184F3-02D8-47CB-BA9B-80CD13733082}.Release|x86.ActiveCfg = Release|Win32
		{794184F3-02D8-47CB-BA9B-80CD13733082}.Release|x86.Build.0 = Release|Win32
		{1FC7AA5F-3A5C-4262-BBF2-5E63A8A1B657}.Debug|x64.ActiveCfg = Debug|x64
		{1FC7AA5F-3A5C-4262-BBF2-5E63A8A1B657}.Debug|x64.Build.0 = Debug|x64
		{1FC7AA5F-3A5C-4262-BBF2-5E63A8A1B657}.Debug|x86.ActiveCfg = Debug|Win32
		{1FC7AA5F-3A5C-4262-BBF2-5E63A8A1B657}.Debug|x86.Build.0 = Debug|Win32
		{1FC7AA5F-3A5C-4262-BBF2-5E63A8A1B657}.Release|x64.ActiveCfg = Release|x64
		{1FC7AA5F-3A5C-4262-BBF2-5E63A8A1B657}.Release|x64.Build.0 = Release|x64
		{1FC7AA5F-3A5C-4262-BBF2-5E63A8A1B657}.Release|x86.ActiveCfg = Release|Win32
		{1FC7AA5F-3A5C-4262-BBF2-5E63A8A1B657}.Release|x86.Build.0 = Release|Win32
		{3CB84641-AF66-49DB-B93A-3B65DB8E2998}.Debug|x64.ActiveCfg = Debug|x64
		{3CB84641-AF66-49DB-B93A-3B65DB8E2998}.Debug|x64.Build.0 = Debug|x64
		{3CB84641-AF66-49DB-B93A-3B65DB8E2998}.Debug|x86.ActiveCfg = Debug|Win32
		{3CB84641-AF66-49DB-B93A-3B65DB8E2998}.Debug|x86.Build.0 = Debug|Win32
		{3CB84641-AF66-49DB-B93A-3B65DB8E2998}.Release|x64.ActiveCfg = Release|x64
		{3CB84641-AF66-49DB-B93A-3B65DB8E2998}.Release|x64.Build.0 = Release|x64
		{3CB84641-AF66-49DB-B93A-3B65DB8E2998}.Release|x86.ActiveCfg = Release|Win32
		{3CB84641-AF66-49DB-B93A-3B65DB8E2998}.Release|x86.Build.0 = Release|Win32
		{4D560F54-6725-41A1-A50F-96C43C84D013}.Debug|x64.ActiveCfg = Debug|x64
		{4D560F54-6725-41A1-A50F-96C43C84D013}.Debug|x64.Build.0 = Debug|x64
		{4D560F54-6725-41A1-A50F-96C43C84D013}.Debug|x86.ActiveCfg = Debug|Win32
		{4D560F54-6725-41A1-A50F-96C43C84D013}.Debug|x86.Build.0 = Debug|Win32
		{4D560F54-6725-41A1-A50F-96C43C84D013}.Release|x64.ActiveCfg = Release|x64
		{4D560F54-6725-41A1-A50F-96C43C84D013}.Release|x64.Build.0 = Release|x64
		{4D560F54-6725-41A1-A50F-96C43C84D013}.Release|x86.ActiveCfg = Release|Win32
		{4D560F54-6725-41A1-A50F-96C43C84D013}.Release|x86.Build.0 = Release|Win32
		{EEEF9241-0562-443E-A22C-B53DA2DA50E8}.Debug|x64.ActiveCfg = Debug|x64
		{EEEF9241-0562-443E-A22C-B53DA2DA50E8}.Debug|x64.Build.0 = Debug|x64
		{EEEF9241-0562-443E-A22C-B53DA2DA50E8}.Debug|x86.ActiveCfg = Debug|Win32
		{EEEF9241-0562-443E-A22C-B53DA2DA50E8}.Debug|x86.Build.0 = Debug|Win32
		{EEEF9241-0562-443E-A22C-B53DA2DA50E8}.Release|x64.ActiveCfg = Release|x64
		{EEEF9241-0562-443E-A22C-B53DA2DA50E8}.Release|x64.Build.0 = Release|x64
		{EEEF9241-0562-443E-A22C-B53DA2DA50E8}.Release|x86.ActiveCfg = Release|Win32
		{EEEF9241-0562-443E-A22C-B53DA2DA50E8}.Release|x86.Build.0 = Release|Win32
		{8EE9B056-4A4D-468E-BF7B-FAC07EA2417E}.Debug|x64.ActiveCfg = Debug|x64
		{8EE9B056-4A4D-468E-BF7B-FAC07EA2417E}.Debug|x64.Build.0 = Debug|x64
		{8EE9B056-4A4D-468E-BF7B-FAC07EA2417E}.Debug|x86.ActiveCfg = Debug|Win32
		{8EE9B056-4A4D-468E-BF7B-FAC07EA2417E}.Debug|x86.Build.0 = Debug|Win32
		{8EE9B056-4A4D-468E-BF7B-FAC07EA2417E}.Release|x64.ActiveCfg = Release|x64
		{8EE9B056-4A4D-468E-BF7B-FAC07EA2417E}.Release|x64.Build.0 = Release|x64
		{8EE9B056-4A4D-468E-BF7B-FAC07EA2417E}.Release|x86.ActiveCfg = Release|Win32
		{8EE9B056-4A4D-468E-BF7B-FAC07EA2417E}.Release|x86.Build.0 = Release|Win32
		{D359EA6E-B878-465E-A5BA-75E315D3406C}.Debug|x64.ActiveCfg = Debug|x64
		{D359EA6E-B878-465E-A5BA-75E315D3406C}.Debug|x64.Build.0 = Debug|x64
		{D359EA6E-B878-465E-A5BA-75E315D3406C}.Debug|x86.ActiveCfg = Debug|Win32
		{D359EA6E-B878-465E-A5BA-75E315D3406C}.Debug|x86.Build.0 = Debug|Win32
		{D359EA6E-B878-465E-A5BA-75E315D3406C}.Release|x64.ActiveCfg = Release|x64
		{D359EA6E-B878-465E-A5BA-75E315D3406C}.Release|x64.Build.0 = Release|x64
		{D359EA6E-B878-465E-A5BA-75E315D3406C}.Release|x86.ActiveCfg = Release|Win32
		{D359EA6E-B878-465E-A5BA-75E315D3406C}.Release|x86.Build.0 = Release|Win32
		{9B11EE83-80E0-40C7-9528-7630D91BA893}.Debug|x64.ActiveCfg = Debug|x64
		{9B11EE83-80E0-40C7-9528-7630D91BA893}.Debug|x64.Build.0 = Debug|x64
		{9B11EE83-80E0-40C7-9528-7630D91BA893}.Debug|x86.ActiveCfg = Debug|Win32
		{9B11EE83-80E0-40C7-9528-7630D91BA893}.Debug|x86.Build.0 = Debug|Win32
		{9B11EE83-80E0-40C7-9528-7630D91BA893}.Release|x64.ActiveCfg = Release|x64
		{9B11EE83-80E0-40C7-9528-7630D91BA893}.Release|x64.Build.0 = Release|x64
		{9B11EE83-80E0-40C7-9528-7630D91BA893}.Release|x86.ActiveCfg = Release|Win32
		{9B11EE83-80E0-40C7-9528-7630D91BA893}.Release|x86.Build.0 = Release|Win32
		{D0E33DCE-B616-4A59-8241-B0B029E67C0F}.Debug|x64.ActiveCfg = Debug|x64
		{D0E33DCE-B616-4A59-8241-B0B029E67C0F}.Debug|x64.Build.0 = Debug|x64
		{D0E33DCE-B616-4A59-8241-B0B029E67C0F}.Debug|x86.ActiveCfg = Debug|Win32
		{D0E33DCE-B616-4A59-8241-B0B029E67C0F}.Debug|x86.Build.0 = Debug|Win32
		{D0E33DCE-B616-4A59-8241-B0B029E67C0F}.Release|x64.ActiveCfg = Release|x64
		{D0E33DCE-B616-4A59-8241-B0B029E67C0F}.Release|x64.Build.0 = Release|x64
		{D0E33DCE-B616-4A59-8241-B0B029E67C0F}.Release|x86.ActiveCfg = Release|Win32
		{D0E33DCE-B616-4A59-8241-B0B029E67C0F}.Release|x86.Build.0 = Release|Win32
		{C63A1242-66DA-463A-9B78-11C5D97982BE}.Debug|x64.ActiveCfg = Debug|x64
		{C63A1242-66DA-463A-9B78-11C5D97982BE}.Debug|x64.Build.0 = Debug|x64
		{C63A1242-66DA-463A-9B78-11C5D97982BE}.Debug|x86.ActiveCfg = Debug|Win32
		{C63A1242-66DA-463A-9B78-11C5D97982BE}.Debug|x86.Build.0 = Debug|Win32
		{C63A1242-66DA-463A-9B78-11C5D97982BE}.Release|x64.ActiveCfg = Release|x64
		{C63A1242-66DA-463A-9B78-11C5D97982BE}.Release|x64.Build.0 = Release|x64
		{C63A1242-66DA-463A-9B78-11C5D97982BE}.Release|x86.ActiveCfg = Release|Win32
		{C63A1242-66DA-463A-9B78-11C5D97982BE}.Release|x86.Build.0 = Release|Win32
		{3C74A2AA-960B-4DDB-89C8-15C4518CA9B9}.Debug|x64.ActiveCfg = Debug|x64
		{3C74A2AA-960B-4DDB-89C8-15C4518CA9B9}.Debug|x64.Build.0 = Debug|x64
		{3C74A2AA-960B-4DDB-89C8-15C4518CA9B9}.Debug|x86.ActiveCfg = Debug|Win32
		{3C74A2AA-960B-4DDB-89C8-15C4518CA9B9}.Debug|x86.Build.0 = Debug|Win32
		{3C74A2AA-960B-4DDB-89C8-15C4518CA9B9}.Release|x64.ActiveCfg = Release|x64
		{3C74A2AA-960B-4DDB-89C8-15C4518CA9B9}.Release|x64.Build.0 = Release|x64
		{3C74A2AA-960B-4DDB-89C8-15C4518CA9B9}.Release|x86.ActiveCfg = Release|Win32
		{3C74A2AA-960B-4DDB-89C8-15C4518CA9B9}.Release|x86.Build.0 = Release|Win32
		{33BA922B-7CE8-4D9E-AA18-20F18601BF58}.Debug|x64.ActiveCfg = Debug|x64
		{33BA922B-7CE8-4D9E-AA18-20F18601BF58}.Debug|x64.Build.0 = Debug|x64
		{33BA922B-7CE8-4D9E-AA18-20F18601BF58}.Debug|x86.ActiveCfg = Debug|Win32
		{33BA922B-7CE8-4D9E-AA18-20F18601BF58}.Debug|x86.Build.0 = Debug|Win32
		{33BA922B-7CE8-4D9E-AA18-20F18601BF58}.Release|x64.ActiveCfg = Release|x64
		{33BA922B-7CE8-4D9E-AA18-20F18601BF58}.Release|x64.Build.0 = Release|x64
		{33BA922B-7CE8-4D9E-AA18-20F18601BF58}.Release|x86.ActiveCfg = Release|Win32
		{33BA922B-7CE8-4D9E-AA18-20F18601BF58}.Release|x86.Build.0 = Release|Win32
	EndGlobalSection
	GlobalSection(SolutionProperties) = preSolution
		HideSolutionNode = FALSE
	EndGlobalSection
	GlobalSection(ExtensibilityGlobals) = postSolution
		SolutionGuid = {04F8F936-4E0A-402F-88D9-70DA454CBA36}
	EndGlobalSection
EndGlobal
