
Microsoft Visual Studio Solution File, Format Version 12.00
# Visual Studio Version 17
VisualStudioVersion = 17.9.34622.214
MinimumVisualStudioVersion = 10.0.40219.1
Project("{8BC9CEB8-8B4A-11D0-8D11-00A0C91BC942}") = "HelloWindow", "HelloWindow\HelloWindow.vcxproj", "{862EB067-D3EB-47C7-A793-939EE3EE22E0}"
EndProject
Project("{8BC9CEB8-8B4A-11D0-8D11-00A0C91BC942}") = "HelloTriangle", "HelloTriangle\HelloTriangle.vcxproj", "{794184F3-02D8-47CB-BA9B-80CD13733082}"
EndProject
Project("{8BC9CEB8-8B4A-11D0-8D11-00A0C91BC942}") = "ShadersRedTriangle", "ShadersRedTriangle\ShadersRedTriangle.vcxproj", "{25E356AC-7E9F-40F5-8759-580958F989EF}"
EndProject
Project("{8BC9CEB8-8B4A-11D0-8D11-00A0C91BC942}") = "ShadersBlackGreenTriangle", "ShadersBlackGreenTriangle\ShadersBlackGreenTriangle.vcxproj", "{9B829D1F-B809-436F-BCD5-C974D5AB2D97}"
EndProject
Project("{8BC9CEB8-8B4A-11D0-8D11-00A0C91BC942}") = "ShadersColorTriangle", "ShadersColorTriangle\ShadersColorTriangle.vcxproj", "{B44B8AB6-0F34-4D5D-B16F-CA35A62458EF}"
EndProject
Project("{8BC9CEB8-8B4A-11D0-8D11-00A0C91BC942}") = "ShadersOwnClassTriangle", "ShadersOwnClassTriangle\ShadersOwnClassTriangle.vcxproj", "{45C4864F-F818-4AD6-9217-E4D61630A6B8}"
EndProject
Project("{8BC9CEB8-8B4A-11D0-8D11-00A0C91BC942}") = "ShadersUpsideDownTriangle", "ShadersUpsideDownTriangle\ShadersUpsideDownTriangle.vcxproj", "{243BBFF2-7802-46B9-8AB8-E241A1840D27}"
EndProject
Project("{8BC9CEB8-8B4A-11D0-8D11-00A0C91BC942}") = "ShadersUniformOffset", "ShadersUniformOffset\ShadersUniformOffset.vcxproj", "{A23F9F7D-5E45-45B0-90D3-4F0166BAF9E1}"
EndProject
Project("{8BC9CEB8-8B4A-11D0-8D11-00A0C91BC942}") = "ShadersColorPosition", "ShadersColorPosition\ShadersColorPosition.vcxproj", "{7BDA8FB2-DA88-4541-B04B-F6A5666B13D2}"
EndProject
Project("{8BC9CEB8-8B4A-11D0-8D11-00A0C91BC942}") = "HelloTriangleSquare", "HelloTriangleSquare\HelloTriangleSquare.vcxproj", "{5A16954D-5A79-4452-93A3-418470C33C3D}"
EndProject
Project("{8BC9CEB8-8B4A-11D0-8D11-00A0C91BC942}") = "HelloTriangleTwoTriangles", "HelloTriangleTwoTriangles\HelloTriangleTwoTriangles.vcxproj", "{327EC0DE-383C-4B41-A519-FA698B8A107F}"
EndProject
Project("{8BC9CEB8-8B4A-11D0-8D11-00A0C91BC942}") = "HelloTriangleTwoFragShaders", "HelloTriangleTwoFragShaders\HelloTriangleTwoFragShaders.vcxproj", "{C0B322E9-80EA-49B1-B1D5-D6272B710C79}"
EndProject
Project("{8BC9CEB8-8B4A-11D0-8D11-00A0C91BC942}") = "HelloTriangleTwoVAOsVBOs", "HelloTriangleTwoVAOsVBOs\HelloTriangleTwoVAOsVBOs.vcxproj", "{2D9DC605-E27E-4910-92E1-D3FDF6E8364A}"
EndProject
Project("{8BC9CEB8-8B4A-11D0-8D11-00A0C91BC942}") = "TextureSquareWooden", "TextureSquareWooden\TextureSquareWooden.vcxproj", "{7AE0132E-0AB0-4A42-87E7-8FC034BFC900}"
EndProject
Project("{8BC9CEB8-8B4A-11D0-8D11-00A0C91BC942}") = "TextureSquareSmile", "TextureSquareSmile\TextureSquareSmile.vcxproj", "{752DA628-664F-47A8-8FBA-2E2D5722EEB2}"
EndProject
Project("{8BC9CEB8-8B4A-11D0-8D11-00A0C91BC942}") = "TextureSquareSmileMix", "TextureSquareSmileMix\TextureSquareSmileMix.vcxproj", "{E8C7E76A-0D7C-40A3-B30F-BCD19FEE0402}"
EndProject
Project("{8BC9CEB8-8B4A-11D0-8D11-00A0C91BC942}") = "TransformationSquareSmileMix", "TransformationSquareSmileMix\TransformationSquareSmileMix.vcxproj", "{7FFE1384-CAF9-4982-9249-5D48A86A8DC4}"
EndProject
Global
	GlobalSection(SolutionConfigurationPlatforms) = preSolution
		Debug|x64 = Debug|x64
		Debug|x86 = Debug|x86
		Release|x64 = Release|x64
		Release|x86 = Release|x86
	EndGlobalSection
	GlobalSection(ProjectConfigurationPlatforms) = postSolution
		{862EB067-D3EB-47C7-A793-939EE3EE22E0}.Debug|x64.ActiveCfg = Debug|x64
		{862EB067-D3EB-47C7-A793-939EE3EE22E0}.Debug|x64.Build.0 = Debug|x64
		{862EB067-D3EB-47C7-A793-939EE3EE22E0}.Debug|x86.ActiveCfg = Debug|Win32
		{862EB067-D3EB-47C7-A793-939EE3EE22E0}.Debug|x86.Build.0 = Debug|Win32
		{862EB067-D3EB-47C7-A793-939EE3EE22E0}.Release|x64.ActiveCfg = Release|x64
		{862EB067-D3EB-47C7-A793-939EE3EE22E0}.Release|x64.Build.0 = Release|x64
		{862EB067-D3EB-47C7-A793-939EE3EE22E0}.Release|x86.ActiveCfg = Release|Win32
		{862EB067-D3EB-47C7-A793-939EE3EE22E0}.Release|x86.Build.0 = Release|Win32
		{794184F3-02D8-47CB-BA9B-80CD13733082}.Debug|x64.ActiveCfg = Debug|x64
		{794184F3-02D8-47CB-BA9B-80CD13733082}.Debug|x64.Build.0 = Debug|x64
		{794184F3-02D8-47CB-BA9B-80CD13733082}.Debug|x86.ActiveCfg = Debug|Win32
		{794184F3-02D8-47CB-BA9B-80CD13733082}.Debug|x86.Build.0 = Debug|Win32
		{794184F3-02D8-47CB-BA9B-80CD13733082}.Release|x64.ActiveCfg = Release|x64
		{794184F3-02D8-47CB-BA9B-80CD13733082}.Release|x64.Build.0 = Release|x64
		{794184F3-02D8-47CB-BA9B-80CD13733082}.Release|x86.ActiveCfg = Release|Win32
		{794184F3-02D8-47CB-BA9B-80CD13733082}.Release|x86.Build.0 = Release|Win32
		{25E356AC-7E9F-40F5-8759-580958F989EF}.Debug|x64.ActiveCfg = Debug|x64
		{25E356AC-7E9F-40F5-8759-580958F989EF}.Debug|x64.Build.0 = Debug|x64
		{25E356AC-7E9F-40F5-8759-580958F989EF}.Debug|x86.ActiveCfg = Debug|Win32
		{25E356AC-7E9F-40F5-8759-580958F989EF}.Debug|x86.Build.0 = Debug|Win32
		{25E356AC-7E9F-40F5-8759-580958F989EF}.Release|x64.ActiveCfg = Release|x64
		{25E356AC-7E9F-40F5-8759-580958F989EF}.Release|x64.Build.0 = Release|x64
		{25E356AC-7E9F-40F5-8759-580958F989EF}.Release|x86.ActiveCfg = Release|Win32
		{25E356AC-7E9F-40F5-8759-580958F989EF}.Release|x86.Build.0 = Release|Win32
		{9B829D1F-B809-436F-BCD5-C974D5AB2D97}.Debug|x64.ActiveCfg = Debug|x64
		{9B829D1F-B809-436F-BCD5-C974D5AB2D97}.Debug|x64.Build.0 = Debug|x64
		{9B829D1F-B809-436F-BCD5-C974D5AB2D97}.Debug|x86.ActiveCfg = Debug|Win32
		{9B829D1F-B809-436F-BCD5-C974D5AB2D97}.Debug|x86.Build.0 = Debug|Win32
		{9B829D1F-B809-436F-BCD5-C974D5AB2D97}.Release|x64.ActiveCfg = Release|x64
		{9B829D1F-B809-436F-BCD5-C974D5AB2D97}.Release|x64.Build.0 = Release|x64
		{9B829D1F-B809-436F-BCD5-C974D5AB2D97}.Release|x86.ActiveCfg = Release|Win32
		{9B829D1F-B809-436F-BCD5-C974D5AB2D97}.Release|x86.Build.0 = Release|Win32
		{B44B8AB6-0F34-4D5D-B16F-CA35A62458EF}.Debug|x64.ActiveCfg = Debug|x64
		{B44B8AB6-0F34-4D5D-B16F-CA35A62458EF}.Debug|x64.Build.0 = Debug|x64
		{B44B8AB6-0F34-4D5D-B16F-CA35A62458EF}.Debug|x86.ActiveCfg = Debug|Win32
		{B44B8AB6-0F34-4D5D-B16F-CA35A62458EF}.Debug|x86.Build.0 = Debug|Win32
		{B44B8AB6-0F34-4D5D-B16F-CA35A62458EF}.Release|x64.ActiveCfg = Release|x64
		{B44B8AB6-0F34-4D5D-B16F-CA35A62458EF}.Release|x64.Build.0 = Release|x64
		{B44B8AB6-0F34-4D5D-B16F-CA35A62458EF}.Release|x86.ActiveCfg = Release|Win32
		{B44B8AB6-0F34-4D5D-B16F-CA35A62458EF}.Release|x86.Build.0 = Release|Win32
		{45C4864F-F818-4AD6-9217-E4D61630A6B8}.Debug|x64.ActiveCfg = Debug|x64
		{45C4864F-F818-4AD6-9217-E4D61630A6B8}.Debug|x64.Build.0 = Debug|x64
		{45C4864F-F818-4AD6-9217-E4D61630A6B8}.Debug|x86.ActiveCfg = Debug|Win32
		{45C4864F-F818-4AD6-9217-E4D61630A6B8}.Debug|x86.Build.0 = Debug|Win32
		{45C4864F-F818-4AD6-9217-E4D61630A6B8}.Release|x64.ActiveCfg = Release|x64
		{45C4864F-F818-4AD6-9217-E4D61630A6B8}.Release|x64.Build.0 = Release|x64
		{45C4864F-F818-4AD6-9217-E4D61630A6B8}.Release|x86.ActiveCfg = Release|Win32
		{45C4864F-F818-4AD6-9217-E4D61630A6B8}.Release|x86.Build.0 = Release|Win32
		{243BBFF2-7802-46B9-8AB8-E241A1840D27}.Debug|x64.ActiveCfg = Debug|x64
		{243BBFF2-7802-46B9-8AB8-E241A1840D27}.Debug|x64.Build.0 = Debug|x64
		{243BBFF2-7802-46B9-8AB8-E241A1840D27}.Debug|x86.ActiveCfg = Debug|Win32
		{243BBFF2-7802-46B9-8AB8-E241A1840D27}.Debug|x86.Build.0 = Debug|Win32
		{243BBFF2-7802-46B9-8AB8-E241A1840D27}.Release|x64.ActiveCfg = Release|x64
		{243BBFF2-7802-46B9-8AB8-E241A1840D27}.Release|x64.Build.0 = Release|x64
		{243BBFF2-7802-46B9-8AB8-E241A1840D27}.Release|x86.ActiveCfg = Release|Win32
		{243BBFF2-7802-46B9-8AB8-E241A1840D27}.Release|x86.Build.0 = Release|Win32
		{A23F9F7D-5E45-45B0-90D3-4F0166BAF9E1}.Debug|x64.ActiveCfg = Debug|x64
		{A23F9F7D-5E45-45B0-90D3-4F0166BAF9E1}.Debug|x64.Build.0 = Debug|x64
		{A23F9F7D-5E45-45B0-90D3-4F0166BAF9E1}.Debug|x86.ActiveCfg = Debug|Win32
		{A23F9F7D-5E45-45B0-90D3-4F0166BAF9E1}.Debug|x86.Build.0 = Debug|Win32
		{A23F9F7D-5E45-45B0-90D3-4F0166BAF9E1}.Release|x64.ActiveCfg = Release|x64
		{A23F9F7D-5E45-45B0-90D3-4F0166BAF9E1}.Release|x64.Build.0 = Release|x64
		{A23F9F7D-5E45-45B0-90D3-4F0166BAF9E1}.Release|x86.ActiveCfg = Release|Win32
		{A23F9F7D-5E45-45B0-90D3-4F0166BAF9E1}.Release|x86.Build.0 = Release|Win32
		{7BDA8FB2-DA88-4541-B04B-F6A5666B13D2}.Debug|x64.ActiveCfg = Debug|x64
		{7BDA8FB2-DA88-4541-B04B-F6A5666B13D2}.Debug|x64.Build.0 = Debug|x64
		{7BDA8FB2-DA88-4541-B04B-F6A5666B13D2}.Debug|x86.ActiveCfg = Debug|Win32
		{7BDA8FB2-DA88-4541-B04B-F6A5666B13D2}.Debug|x86.Build.0 = Debug|Win32
		{7BDA8FB2-DA88-4541-B04B-F6A5666B13D2}.Release|x64.ActiveCfg = Release|x64
		{7BDA8FB2-DA88-4541-B04B-F6A5666B13D2}.Release|x64.Build.0 = Release|x64
		{7BDA8FB2-DA88-4541-B04B-F6A5666B13D2}.Release|x86.ActiveCfg = Release|Win32
		{7BDA8FB2-DA88-4541-B04B-F6A5666B13D2}.Release|x86.Build.0 = Release|Win32
		{5A16954D-5A79-4452-93A3-418470C33C3D}.Debug|x64.ActiveCfg = Debug|x64
		{5A16954D-5A79-4452-93A3-418470C33C3D}.Debug|x64.Build.0 = Debug|x64
		{5A16954D-5A79-4452-93A3-418470C33C3D}.Debug|x86.ActiveCfg = Debug|Win32
		{5A16954D-5A79-4452-93A3-418470C33C3D}.Debug|x86.Build.0 = Debug|Win32
		{5A16954D-5A79-4452-93A3-418470C33C3D}.Release|x64.ActiveCfg = Release|x64
		{5A16954D-5A79-4452-93A3-418470C33C3D}.Release|x64.Build.0 = Release|x64
		{5A16954D-5A79-4452-93A3-418470C33C3D}.Release|x86.ActiveCfg = Release|Win32
		{5A16954D-5A79-4452-93A3-418470C33C3D}.Release|x86.Build.0 = Release|Win32
		{327EC0DE-383C-4B41-A519-FA698B8A107F}.Debug|x64.ActiveCfg = Debug|x64
		{327EC0DE-383C-4B41-A519-FA698B8A107F}.Debug|x64.Build.0 = Debug|x64
		{327EC0DE-383C-4B41-A519-FA698B8A107F}.Debug|x86.ActiveCfg = Debug|Win32
		{327EC0DE-383C-4B41-A519-FA698B8A107F}.Debug|x86.Build.0 = Debug|Win32
		{327EC0DE-383C-4B41-A519-FA698B8A107F}.Release|x64.ActiveCfg = Release|x64
		{327EC0DE-383C-4B41-A519-FA698B8A107F}.Release|x64.Build.0 = Release|x64
		{327EC0DE-383C-4B41-A519-FA698B8A107F}.Release|x86.ActiveCfg = Release|Win32
		{327EC0DE-383C-4B41-A519-FA698B8A107F}.Release|x86.Build.0 = Release|Win32
		{C0B322E9-80EA-49B1-B1D5-D6272B710C79}.Debug|x64.ActiveCfg = Debug|x64
		{C0B322E9-80EA-49B1-B1D5-D6272B710C79}.Debug|x64.Build.0 = Debug|x64
		{C0B322E9-80EA-49B1-B1D5-D6272B710C79}.Debug|x86.ActiveCfg = Debug|Win32
		{C0B322E9-80EA-49B1-B1D5-D6272B710C79}.Debug|x86.Build.0 = Debug|Win32
		{C0B322E9-80EA-49B1-B1D5-D6272B710C79}.Release|x64.ActiveCfg = Release|x64
		{C0B322E9-80EA-49B1-B1D5-D6272B710C79}.Release|x64.Build.0 = Release|x64
		{C0B322E9-80EA-49B1-B1D5-D6272B710C79}.Release|x86.ActiveCfg = Release|Win32
		{C0B322E9-80EA-49B1-B1D5-D6272B710C79}.Release|x86.Build.0 = Release|Win32
		{2D9DC605-E27E-4910-92E1-D3FDF6E8364A}.Debug|x64.ActiveCfg = Debug|x64
		{2D9DC605-E27E-4910-92E1-D3FDF6E8364A}.Debug|x64.Build.0 = Debug|x64
		{2D9DC605-E27E-4910-92E1-D3FDF6E8364A}.Debug|x86.ActiveCfg = Debug|Win32
		{2D9DC605-E27E-4910-92E1-D3FDF6E8364A}.Debug|x86.Build.0 = Debug|Win32
		{2D9DC605-E27E-4910-92E1-D3FDF6E8364A}.Release|x64.ActiveCfg = Release|x64
		{2D9DC605-E27E-4910-92E1-D3FDF6E8364A}.Release|x64.Build.0 = Release|x64
		{2D9DC605-E27E-4910-92E1-D3FDF6E8364A}.Release|x86.ActiveCfg = Release|Win32
		{2D9DC605-E27E-4910-92E1-D3FDF6E8364A}.Release|x86.Build.0 = Release|Win32
		{7AE0132E-0AB0-4A42-87E7-8FC034BFC900}.Debug|x64.ActiveCfg = Debug|x64
		{7AE0132E-0AB0-4A42-87E7-8FC034BFC900}.Debug|x64.Build.0 = Debug|x64
		{7AE0132E-0AB0-4A42-87E7-8FC034BFC900}.Debug|x86.ActiveCfg = Debug|Win32
		{7AE0132E-0AB0-4A42-87E7-8FC034BFC900}.Debug|x86.Build.0 = Debug|Win32
		{7AE0132E-0AB0-4A42-87E7-8FC034BFC900}.Release|x64.ActiveCfg = Release|x64
		{7AE0132E-0AB0-4A42-87E7-8FC034BFC900}.Release|x64.Build.0 = Release|x64
		{7AE0132E-0AB0-4A42-87E7-8FC034BFC900}.Release|x86.ActiveCfg = Release|Win32
		{7AE0132E-0AB0-4A42-87E7-8FC034BFC900}.Release|x86.Build.0 = Release|Win32
		{752DA628-664F-47A8-8FBA-2E2D5722EEB2}.Debug|x64.ActiveCfg = Debug|x64
		{752DA628-664F-47A8-8FBA-2E2D5722EEB2}.Debug|x64.Build.0 = Debug|x64
		{752DA628-664F-47A8-8FBA-2E2D5722EEB2}.Debug|x86.ActiveCfg = Debug|Win32
		{752DA628-664F-47A8-8FBA-2E2D5722EEB2}.Debug|x86.Build.0 = Debug|Win32
		{752DA628-664F-47A8-8FBA-2E2D5722EEB2}.Release|x64.ActiveCfg = Release|x64
		{752DA628-664F-47A8-8FBA-2E2D5722EEB2}.Release|x64.Build.0 = Release|x64
		{752DA628-664F-47A8-8FBA-2E2D5722EEB2}.Release|x86.ActiveCfg = Release|Win32
		{752DA628-664F-47A8-8FBA-2E2D5722EEB2}.Release|x86.Build.0 = Release|Win32
		{E8C7E76A-0D7C-40A3-B30F-BCD19FEE0402}.Debug|x64.ActiveCfg = Debug|x64
		{E8C7E76A-0D7C-40A3-B30F-BCD19FEE0402}.Debug|x64.Build.0 = Debug|x64
		{E8C7E76A-0D7C-40A3-B30F-BCD19FEE0402}.Debug|x86.ActiveCfg = Debug|Win32
		{E8C7E76A-0D7C-40A3-B30F-BCD19FEE0402}.Debug|x86.Build.0 = Debug|Win32
		{E8C7E76A-0D7C-40A3-B30F-BCD19FEE0402}.Release|x64.ActiveCfg = Release|x64
		{E8C7E76A-0D7C-40A3-B30F-BCD19FEE0402}.Release|x64.Build.0 = Release|x64
		{E8C7E76A-0D7C-40A3-B30F-BCD19FEE0402}.Release|x86.ActiveCfg = Release|Win32
		{E8C7E76A-0D7C-40A3-B30F-BCD19FEE0402}.Release|x86.Build.0 = Release|Win32
		{7FFE1384-CAF9-4982-9249-5D48A86A8DC4}.Debug|x64.ActiveCfg = Debug|x64
		{7FFE1384-CAF9-4982-9249-5D48A86A8DC4}.Debug|x64.Build.0 = Debug|x64
		{7FFE1384-CAF9-4982-9249-5D48A86A8DC4}.Debug|x86.ActiveCfg = Debug|Win32
		{7FFE1384-CAF9-4982-9249-5D48A86A8DC4}.Debug|x86.Build.0 = Debug|Win32
		{7FFE1384-CAF9-4982-9249-5D48A86A8DC4}.Release|x64.ActiveCfg = Release|x64
		{7FFE1384-CAF9-4982-9249-5D48A86A8DC4}.Release|x64.Build.0 = Release|x64
		{7FFE1384-CAF9-4982-9249-5D48A86A8DC4}.Release|x86.ActiveCfg = Release|Win32
		{7FFE1384-CAF9-4982-9249-5D48A86A8DC4}.Release|x86.Build.0 = Release|Win32
	EndGlobalSection
	GlobalSection(SolutionProperties) = preSolution
		HideSolutionNode = FALSE
	EndGlobalSection
	GlobalSection(ExtensibilityGlobals) = postSolution
		SolutionGuid = {04F8F936-4E0A-402F-88D9-70DA454CBA36}
	EndGlobalSection
EndGlobal
